
Microsoft Visual Studio Solution File, Format Version 12.00
# Visual Studio Express 2012 for Windows Desktop
Project("{FAE04EC0-301F-11D3-BF4B-00C04F79EFBC}") = "PhotoViewer", "PhotoViewer\PhotoViewer.csproj", "{032D4D8B-2F6E-4725-B5C9-171EA2115745}"
EndProject
Global
	GlobalSection(SolutionConfigurationPlatforms) = preSolution
		Debug|Any CPU = Debug|Any CPU
		Release|Any CPU = Release|Any CPU
	EndGlobalSection
	GlobalSection(ProjectConfigurationPlatforms) = postSolution
		{032D4D8B-2F6E-4725-B5C9-171EA2115745}.Debug|Any CPU.ActiveCfg = Debug|Any CPU
		{032D4D8B-2F6E-4725-B5C9-171EA2115745}.Debug|Any CPU.Build.0 = Debug|Any CPU
		{032D4D8B-2F6E-4725-B5C9-171EA2115745}.Release|Any CPU.ActiveCfg = Release|Any CPU
		{032D4D8B-2F6E-4725-B5C9-171EA2115745}.Release|Any CPU.Build.0 = Release|Any CPU
	EndGlobalSection
	GlobalSection(SolutionProperties) = preSolution
		HideSolutionNode = FALSE
	EndGlobalSection
EndGlobal
